// !$*UTF8*$!
{
	archiveVersion = 1;
	classes = {
	};
	objectVersion = 56;
	objects = {

/* Begin PBXBuildFile section */
		CS0000000000000000003001 /* BuildModel.swift in Sources */ = {isa = PBXBuildFile; fileRef = CS0000000000000000001001 /* BuildModel.swift */; };
		CS0000000000000000003002 /* CathedralStoneApp.swift in Sources */ = {isa = PBXBuildFile; fileRef = CS0000000000000000001002 /* CathedralStoneApp.swift */; };
		CS0000000000000000003003 /* Components.swift in Sources */ = {isa = PBXBuildFile; fileRef = CS0000000000000000001003 /* Components.swift */; };
		CS0000000000000000003004 /* LodgeStore.swift in Sources */ = {isa = PBXBuildFile; fileRef = CS0000000000000000001004 /* LodgeStore.swift */; };
		CS0000000000000000003005 /* LodgeViews.swift in Sources */ = {isa = PBXBuildFile; fileRef = CS0000000000000000001005 /* LodgeViews.swift */; };
		CS0000000000000000003006 /* Marks.swift in Sources */ = {isa = PBXBuildFile; fileRef = CS0000000000000000001006 /* Marks.swift */; };
		CS0000000000000000003007 /* QuizView.swift in Sources */ = {isa = PBXBuildFile; fileRef = CS0000000000000000001007 /* QuizView.swift */; };
		CS0000000000000000003008 /* RollsView.swift in Sources */ = {isa = PBXBuildFile; fileRef = CS0000000000000000001008 /* RollsView.swift */; };
		CS0000000000000000003009 /* RootView.swift in Sources */ = {isa = PBXBuildFile; fileRef = CS0000000000000000001009 /* RootView.swift */; };
		CS0000000000000000003010 /* SectionCanvas.swift in Sources */ = {isa = PBXBuildFile; fileRef = CS0000000000000000001010 /* SectionCanvas.swift */; };
		CS0000000000000000003011 /* SiteView.swift in Sources */ = {isa = PBXBuildFile; fileRef = CS0000000000000000001011 /* SiteView.swift */; };
		CS0000000000000000003012 /* StoneIcons.swift in Sources */ = {isa = PBXBuildFile; fileRef = CS0000000000000000001012 /* StoneIcons.swift */; };
		CS0000000000000000003013 /* StoneTheme.swift in Sources */ = {isa = PBXBuildFile; fileRef = CS0000000000000000001013 /* StoneTheme.swift */; };
		CS0000000000000000003014 /* StudyContent.swift in Sources */ = {isa = PBXBuildFile; fileRef = CS0000000000000000001014 /* StudyContent.swift */; };
		CS0000000000000000004001 /* Assets.xcassets in Resources */ = {isa = PBXBuildFile; fileRef = CS0000000000000000002001 /* Assets.xcassets */; };
		CS0000000000000000004002 /* Art in Resources */ = {isa = PBXBuildFile; fileRef = CS0000000000000000002002 /* Art */; };
/* End PBXBuildFile section */

/* Begin PBXFileReference section */
		CS0000000000000000001001 /* BuildModel.swift */ = {isa = PBXFileReference; lastKnownFileType = sourcecode.swift; path = BuildModel.swift; sourceTree = "<group>"; };
		CS0000000000000000001002 /* CathedralStoneApp.swift */ = {isa = PBXFileReference; lastKnownFileType = sourcecode.swift; path = CathedralStoneApp.swift; sourceTree = "<group>"; };
		CS0000000000000000001003 /* Components.swift */ = {isa = PBXFileReference; lastKnownFileType = sourcecode.swift; path = Components.swift; sourceTree = "<group>"; };
		CS0000000000000000001004 /* LodgeStore.swift */ = {isa = PBXFileReference; lastKnownFileType = sourcecode.swift; path = LodgeStore.swift; sourceTree = "<group>"; };
		CS0000000000000000001005 /* LodgeViews.swift */ = {isa = PBXFileReference; lastKnownFileType = sourcecode.swift; path = LodgeViews.swift; sourceTree = "<group>"; };
		CS0000000000000000001006 /* Marks.swift */ = {isa = PBXFileReference; lastKnownFileType = sourcecode.swift; path = Marks.swift; sourceTree = "<group>"; };
		CS0000000000000000001007 /* QuizView.swift */ = {isa = PBXFileReference; lastKnownFileType = sourcecode.swift; path = QuizView.swift; sourceTree = "<group>"; };
		CS0000000000000000001008 /* RollsView.swift */ = {isa = PBXFileReference; lastKnownFileType = sourcecode.swift; path = RollsView.swift; sourceTree = "<group>"; };
		CS0000000000000000001009 /* RootView.swift */ = {isa = PBXFileReference; lastKnownFileType = sourcecode.swift; path = RootView.swift; sourceTree = "<group>"; };
		CS0000000000000000001010 /* SectionCanvas.swift */ = {isa = PBXFileReference; lastKnownFileType = sourcecode.swift; path = SectionCanvas.swift; sourceTree = "<group>"; };
		CS0000000000000000001011 /* SiteView.swift */ = {isa = PBXFileReference; lastKnownFileType = sourcecode.swift; path = SiteView.swift; sourceTree = "<group>"; };
		CS0000000000000000001012 /* StoneIcons.swift */ = {isa = PBXFileReference; lastKnownFileType = sourcecode.swift; path = StoneIcons.swift; sourceTree = "<group>"; };
		CS0000000000000000001013 /* StoneTheme.swift */ = {isa = PBXFileReference; lastKnownFileType = sourcecode.swift; path = StoneTheme.swift; sourceTree = "<group>"; };
		CS0000000000000000001014 /* StudyContent.swift */ = {isa = PBXFileReference; lastKnownFileType = sourcecode.swift; path = StudyContent.swift; sourceTree = "<group>"; };
		CS0000000000000000002001 /* Assets.xcassets */ = {isa = PBXFileReference; lastKnownFileType = folder.assetcatalog; path = Assets.xcassets; sourceTree = "<group>"; };
		CS0000000000000000002002 /* Art */ = {isa = PBXFileReference; lastKnownFileType = folder; path = Art; sourceTree = "<group>"; };
		CS0000000000000000002003 /* Info.plist */ = {isa = PBXFileReference; lastKnownFileType = text.plist.xml; path = Info.plist; sourceTree = "<group>"; };
		CS0000000000000000002004 /* Cathedral Stone.app */ = {isa = PBXFileReference; explicitFileType = wrapper.application; includeInIndex = 0; path = "Cathedral Stone.app"; sourceTree = BUILT_PRODUCTS_DIR; };
/* End PBXFileReference section */

/* Begin PBXFrameworksBuildPhase section */
		CS0000000000000000005001 /* Frameworks */ = {
			isa = PBXFrameworksBuildPhase;
			buildActionMask = 2147483647;
			files = (
			);
			runOnlyForDeploymentPostprocessing = 0;
		};
/* End PBXFrameworksBuildPhase section */

/* Begin PBXGroup section */
		CS0000000000000000006001 = {
			isa = PBXGroup;
			children = (
				CS0000000000000000006002 /* Cathedral Stone */,
				CS0000000000000000006003 /* Products */,
			);
			sourceTree = "<group>";
		};
		CS0000000000000000006002 /* Cathedral Stone */ = {
			isa = PBXGroup;
			children = (
				CS0000000000000000001001 /* BuildModel.swift */,
				CS0000000000000000001002 /* CathedralStoneApp.swift */,
				CS0000000000000000001003 /* Components.swift */,
				CS0000000000000000001004 /* LodgeStore.swift */,
				CS0000000000000000001005 /* LodgeViews.swift */,
				CS0000000000000000001006 /* Marks.swift */,
				CS0000000000000000001007 /* QuizView.swift */,
				CS0000000000000000001008 /* RollsView.swift */,
				CS0000000000000000001009 /* RootView.swift */,
				CS0000000000000000001010 /* SectionCanvas.swift */,
				CS0000000000000000001011 /* SiteView.swift */,
				CS0000000000000000001012 /* StoneIcons.swift */,
				CS0000000000000000001013 /* StoneTheme.swift */,
				CS0000000000000000001014 /* StudyContent.swift */,
				CS0000000000000000002001 /* Assets.xcassets */,
				CS0000000000000000002002 /* Art */,
				CS0000000000000000002003 /* Info.plist */,
			);
			path = "Cathedral Stone";
			sourceTree = "<group>";
		};
		CS0000000000000000006003 /* Products */ = {
			isa = PBXGroup;
			children = (
				CS0000000000000000002004 /* Cathedral Stone.app */,
			);
			name = Products;
			sourceTree = "<group>";
		};
/* End PBXGroup section */

/* Begin PBXNativeTarget section */
		CS0000000000000000007001 /* Cathedral Stone */ = {
			isa = PBXNativeTarget;
			buildConfigurationList = CS0000000000000000008001 /* Build configuration list for PBXNativeTarget "Cathedral Stone" */;
			buildPhases = (
				CS0000000000000000009001 /* Sources */,
				CS0000000000000000005001 /* Frameworks */,
				CS0000000000000000009002 /* Resources */,
			);
			buildRules = (
			);
			dependencies = (
			);
			name = "Cathedral Stone";
			productName = "Cathedral Stone";
			productReference = CS0000000000000000002004 /* Cathedral Stone.app */;
			productType = "com.apple.product-type.application";
		};
/* End PBXNativeTarget section */

/* Begin PBXProject section */
		CS0000000000000000009501 /* Project object */ = {
			isa = PBXProject;
			attributes = {
				BuildIndependentTargetsInParallel = 1;
				LastSwiftUpdateCheck = 1500;
				LastUpgradeCheck = 1500;
				TargetAttributes = {
					CS0000000000000000007001 = {
						CreatedOnToolsVersion = 15.0;
					};
				};
			};
			buildConfigurationList = CS0000000000000000008002 /* Build configuration list for PBXProject "Cathedral Stone" */;
			compatibilityVersion = "Xcode 14.0";
			developmentRegion = en;
			hasScannedForEncodings = 0;
			knownRegions = (
				en,
				Base,
			);
			mainGroup = CS0000000000000000006001;
			productRefGroup = CS0000000000000000006003 /* Products */;
			projectDirPath = "";
			projectRoot = "";
			targets = (
				CS0000000000000000007001 /* Cathedral Stone */,
			);
		};
/* End PBXProject section */

/* Begin PBXResourcesBuildPhase section */
		CS0000000000000000009002 /* Resources */ = {
			isa = PBXResourcesBuildPhase;
			buildActionMask = 2147483647;
			files = (
				CS0000000000000000004001 /* Assets.xcassets in Resources */,
				CS0000000000000000004002 /* Art in Resources */,
			);
			runOnlyForDeploymentPostprocessing = 0;
		};
/* End PBXResourcesBuildPhase section */

/* Begin PBXSourcesBuildPhase section */
		CS0000000000000000009001 /* Sources */ = {
			isa = PBXSourcesBuildPhase;
			buildActionMask = 2147483647;
			files = (
				CS0000000000000000003001 /* BuildModel.swift in Sources */,
				CS0000000000000000003002 /* CathedralStoneApp.swift in Sources */,
				CS0000000000000000003003 /* Components.swift in Sources */,
				CS0000000000000000003004 /* LodgeStore.swift in Sources */,
				CS0000000000000000003005 /* LodgeViews.swift in Sources */,
				CS0000000000000000003006 /* Marks.swift in Sources */,
				CS0000000000000000003007 /* QuizView.swift in Sources */,
				CS0000000000000000003008 /* RollsView.swift in Sources */,
				CS0000000000000000003009 /* RootView.swift in Sources */,
				CS0000000000000000003010 /* SectionCanvas.swift in Sources */,
				CS0000000000000000003011 /* SiteView.swift in Sources */,
				CS0000000000000000003012 /* StoneIcons.swift in Sources */,
				CS0000000000000000003013 /* StoneTheme.swift in Sources */,
				CS0000000000000000003014 /* StudyContent.swift in Sources */,
			);
			runOnlyForDeploymentPostprocessing = 0;
		};
/* End PBXSourcesBuildPhase section */

/* Begin XCBuildConfiguration section */
		CS0000000000000000008101 /* Debug */ = {
			isa = XCBuildConfiguration;
			buildSettings = {
				ALWAYS_SEARCH_USER_PATHS = NO;
				CLANG_ANALYZER_NONNULL = YES;
				CLANG_ANALYZER_NUMBER_OBJECT_CONVERSION = YES_AGGRESSIVE;
				CLANG_CXX_LANGUAGE_STANDARD = "gnu++20";
				CLANG_ENABLE_MODULES = YES;
				CLANG_ENABLE_OBJC_ARC = YES;
				CLANG_ENABLE_OBJC_WEAK = YES;
				CLANG_WARN_BOOL_CONVERSION = YES;
				CLANG_WARN_CONSTANT_CONVERSION = YES;
				CLANG_WARN_DIRECT_OBJC_ISA_USAGE = YES_ERROR;
				CLANG_WARN_EMPTY_BODY = YES;
				CLANG_WARN_ENUM_CONVERSION = YES;
				CLANG_WARN_INFINITE_RECURSION = YES;
				CLANG_WARN_INT_CONVERSION = YES;
				CLANG_WARN_OBJC_ROOT_CLASS = YES_ERROR;
				CLANG_WARN_UNREACHABLE_CODE = YES;
				CLANG_WARN__DUPLICATE_METHOD_MATCH = YES;
				COPY_PHASE_STRIP = NO;
				ENABLE_STRICT_OBJC_MSGSEND = YES;
				GCC_C_LANGUAGE_STANDARD = gnu17;
				GCC_NO_COMMON_BLOCKS = YES;
				GCC_WARN_64_TO_32_BIT_CONVERSION = YES;
				GCC_WARN_ABOUT_RETURN_TYPE = YES_ERROR;
				GCC_WARN_UNDECLARED_SELECTOR = YES;
				GCC_WARN_UNINITIALIZED_AUTOS = YES_AGGRESSIVE;
				GCC_WARN_UNUSED_FUNCTION = YES;
				GCC_WARN_UNUSED_VARIABLE = YES;
				IPHONEOS_DEPLOYMENT_TARGET = 15.6;
				MTL_FAST_MATH = YES;
				SDKROOT = iphoneos;
				DEBUG_INFORMATION_FORMAT = dwarf;
				ENABLE_TESTABILITY = YES;
				GCC_DYNAMIC_NO_PIC = NO;
				GCC_OPTIMIZATION_LEVEL = 0;
				GCC_PREPROCESSOR_DEFINITIONS = (
					"DEBUG=1",
					"$(inherited)",
				);
				MTL_ENABLE_DEBUG_INFO = INCLUDE_SOURCE;
				ONLY_ACTIVE_ARCH = YES;
				SWIFT_ACTIVE_COMPILATION_CONDITIONS = "DEBUG $(inherited)";
				SWIFT_OPTIMIZATION_LEVEL = "-Onone";
			};
			name = Debug;
		};
		CS0000000000000000008102 /* Release */ = {
			isa = XCBuildConfiguration;
			buildSettings = {
				ALWAYS_SEARCH_USER_PATHS = NO;
				CLANG_ANALYZER_NONNULL = YES;
				CLANG_ANALYZER_NUMBER_OBJECT_CONVERSION = YES_AGGRESSIVE;
				CLANG_CXX_LANGUAGE_STANDARD = "gnu++20";
				CLANG_ENABLE_MODULES = YES;
				CLANG_ENABLE_OBJC_ARC = YES;
				CLANG_ENABLE_OBJC_WEAK = YES;
				CLANG_WARN_BOOL_CONVERSION = YES;
				CLANG_WARN_CONSTANT_CONVERSION = YES;
				CLANG_WARN_DIRECT_OBJC_ISA_USAGE = YES_ERROR;
				CLANG_WARN_EMPTY_BODY = YES;
				CLANG_WARN_ENUM_CONVERSION = YES;
				CLANG_WARN_INFINITE_RECURSION = YES;
				CLANG_WARN_INT_CONVERSION = YES;
				CLANG_WARN_OBJC_ROOT_CLASS = YES_ERROR;
				CLANG_WARN_UNREACHABLE_CODE = YES;
				CLANG_WARN__DUPLICATE_METHOD_MATCH = YES;
				COPY_PHASE_STRIP = NO;
				ENABLE_STRICT_OBJC_MSGSEND = YES;
				GCC_C_LANGUAGE_STANDARD = gnu17;
				GCC_NO_COMMON_BLOCKS = YES;
				GCC_WARN_64_TO_32_BIT_CONVERSION = YES;
				GCC_WARN_ABOUT_RETURN_TYPE = YES_ERROR;
				GCC_WARN_UNDECLARED_SELECTOR = YES;
				GCC_WARN_UNINITIALIZED_AUTOS = YES_AGGRESSIVE;
				GCC_WARN_UNUSED_FUNCTION = YES;
				GCC_WARN_UNUSED_VARIABLE = YES;
				IPHONEOS_DEPLOYMENT_TARGET = 15.6;
				MTL_FAST_MATH = YES;
				SDKROOT = iphoneos;
				DEBUG_INFORMATION_FORMAT = "dwarf-with-dsym";
				ENABLE_NS_ASSERTIONS = NO;
				MTL_ENABLE_DEBUG_INFO = NO;
				SWIFT_COMPILATION_MODE = wholemodule;
				SWIFT_OPTIMIZATION_LEVEL = "-O";
			};
			name = Release;
		};
		CS0000000000000000008103 /* Debug */ = {
			isa = XCBuildConfiguration;
			buildSettings = {
				ASSETCATALOG_COMPILER_APPICON_NAME = AppIcon;
				CODE_SIGN_IDENTITY = "";
				CODE_SIGN_STYLE = Manual;
				CURRENT_PROJECT_VERSION = 1;
				DEVELOPMENT_TEAM = "";
				ENABLE_PREVIEWS = YES;
				GENERATE_INFOPLIST_FILE = NO;
				INFOPLIST_FILE = "Cathedral Stone/Info.plist";
				IPHONEOS_DEPLOYMENT_TARGET = 15.6;
				LD_RUNPATH_SEARCH_PATHS = (
					"$(inherited)",
					"@executable_path/Frameworks",
				);
				MARKETING_VERSION = 1.0;
				PRODUCT_BUNDLE_IDENTIFIER = com.cathedralstone.app;
				PRODUCT_NAME = "$(TARGET_NAME)";
				SUPPORTED_PLATFORMS = "iphoneos iphonesimulator";
				SUPPORTS_MACCATALYST = NO;
				SUPPORTS_MAC_DESIGNED_FOR_IPHONE_IPAD = NO;
				SUPPORTS_XR_DESIGNED_FOR_IPHONE_IPAD = NO;
				SWIFT_EMIT_LOC_STRINGS = YES;
				SWIFT_VERSION = 5.0;
				TARGETED_DEVICE_FAMILY = "1,2";
			};
			name = Debug;
		};
		CS0000000000000000008104 /* Release */ = {
			isa = XCBuildConfiguration;
			buildSettings = {
				ASSETCATALOG_COMPILER_APPICON_NAME = AppIcon;
				CODE_SIGN_IDENTITY = "";
				CODE_SIGN_STYLE = Manual;
				CURRENT_PROJECT_VERSION = 1;
				DEVELOPMENT_TEAM = "";
				ENABLE_PREVIEWS = YES;
				GENERATE_INFOPLIST_FILE = NO;
				INFOPLIST_FILE = "Cathedral Stone/Info.plist";
				IPHONEOS_DEPLOYMENT_TARGET = 15.6;
				LD_RUNPATH_SEARCH_PATHS = (
					"$(inherited)",
					"@executable_path/Frameworks",
				);
				MARKETING_VERSION = 1.0;
				PRODUCT_BUNDLE_IDENTIFIER = com.cathedralstone.app;
				PRODUCT_NAME = "$(TARGET_NAME)";
				SUPPORTED_PLATFORMS = "iphoneos iphonesimulator";
				SUPPORTS_MACCATALYST = NO;
				SUPPORTS_MAC_DESIGNED_FOR_IPHONE_IPAD = NO;
				SUPPORTS_XR_DESIGNED_FOR_IPHONE_IPAD = NO;
				SWIFT_EMIT_LOC_STRINGS = YES;
				SWIFT_VERSION = 5.0;
				TARGETED_DEVICE_FAMILY = "1,2";
			};
			name = Release;
		};
/* End XCBuildConfiguration section */

/* Begin XCConfigurationList section */
		CS0000000000000000008001 /* Build configuration list for PBXNativeTarget "Cathedral Stone" */ = {
			isa = XCConfigurationList;
			buildConfigurations = (
				CS0000000000000000008103 /* Debug */,
				CS0000000000000000008104 /* Release */,
			);
			defaultConfigurationIsVisible = 0;
			defaultConfigurationName = Release;
		};
		CS0000000000000000008002 /* Build configuration list for PBXProject "Cathedral Stone" */ = {
			isa = XCConfigurationList;
			buildConfigurations = (
				CS0000000000000000008101 /* Debug */,
				CS0000000000000000008102 /* Release */,
			);
			defaultConfigurationIsVisible = 0;
			defaultConfigurationName = Release;
		};
/* End XCConfigurationList section */
	};
	rootObject = CS0000000000000000009501 /* Project object */;
}
